
Microsoft Visual Studio Solution File, Format Version 12.00
# Visual Studio Version 16
VisualStudioVersion = 16.0.29709.97
MinimumVisualStudioVersion = 10.0.40219.1
Project("{9A19103F-16F7-4668-BE54-9A1E7A4F7556}") = "console1", "console1\console1.csproj", "{14C8BE6A-BD5A-4B10-B79F-173DBFEDE570}"
EndProject
Project("{FAE04EC0-301F-11D3-BF4B-00C04F79EFBC}") = "Exe2", "Exe2\Exe2.csproj", "{B6E46D8D-53A7-4AC1-A941-1AA5182FA462}"
EndProject
Project("{FAE04EC0-301F-11D3-BF4B-00C04F79EFBC}") = "3", "3\3.csproj", "{513FD144-D6E7-4D2A-A302-BE9382DE642C}"
EndProject
Project("{FAE04EC0-301F-11D3-BF4B-00C04F79EFBC}") = "ViewFile", "ViewFile\ViewFile\ViewFile.csproj", "{C1984214-B839-4C3D-ACCB-852B5B06E76F}"
EndProject
Global
	GlobalSection(SolutionConfigurationPlatforms) = preSolution
		Debug|Any CPU = Debug|Any CPU
		Release|Any CPU = Release|Any CPU
	EndGlobalSection
	GlobalSection(ProjectConfigurationPlatforms) = postSolution
		{14C8BE6A-BD5A-4B10-B79F-173DBFEDE570}.Debug|Any CPU.ActiveCfg = Debug|Any CPU
		{14C8BE6A-BD5A-4B10-B79F-173DBFEDE570}.Debug|Any CPU.Build.0 = Debug|Any CPU
		{14C8BE6A-BD5A-4B10-B79F-173DBFEDE570}.Release|Any CPU.ActiveCfg = Release|Any CPU
		{14C8BE6A-BD5A-4B10-B79F-173DBFEDE570}.Release|Any CPU.Build.0 = Release|Any CPU
		{B6E46D8D-53A7-4AC1-A941-1AA5182FA462}.Debug|Any CPU.ActiveCfg = Debug|Any CPU
		{B6E46D8D-53A7-4AC1-A941-1AA5182FA462}.Debug|Any CPU.Build.0 = Debug|Any CPU
		{B6E46D8D-53A7-4AC1-A941-1AA5182FA462}.Release|Any CPU.ActiveCfg = Release|Any CPU
		{B6E46D8D-53A7-4AC1-A941-1AA5182FA462}.Release|Any CPU.Build.0 = Release|Any CPU
		{513FD144-D6E7-4D2A-A302-BE9382DE642C}.Debug|Any CPU.ActiveCfg = Debug|Any CPU
		{513FD144-D6E7-4D2A-A302-BE9382DE642C}.Debug|Any CPU.Build.0 = Debug|Any CPU
		{513FD144-D6E7-4D2A-A302-BE9382DE642C}.Release|Any CPU.ActiveCfg = Release|Any CPU
		{513FD144-D6E7-4D2A-A302-BE9382DE642C}.Release|Any CPU.Build.0 = Release|Any CPU
		{C1984214-B839-4C3D-ACCB-852B5B06E76F}.Debug|Any CPU.ActiveCfg = Debug|Any CPU
		{C1984214-B839-4C3D-ACCB-852B5B06E76F}.Debug|Any CPU.Build.0 = Debug|Any CPU
		{C1984214-B839-4C3D-ACCB-852B5B06E76F}.Release|Any CPU.ActiveCfg = Release|Any CPU
		{C1984214-B839-4C3D-ACCB-852B5B06E76F}.Release|Any CPU.Build.0 = Release|Any CPU
	EndGlobalSection
	GlobalSection(SolutionProperties) = preSolution
		HideSolutionNode = FALSE
	EndGlobalSection
	GlobalSection(ExtensibilityGlobals) = postSolution
		SolutionGuid = {5CD33EBD-2F71-4AF5-B8F0-089B761AEC7F}
	EndGlobalSection
EndGlobal
