
Microsoft Visual Studio Solution File, Format Version 12.00
# Visual Studio Version 16
VisualStudioVersion = 16.0.29709.97
MinimumVisualStudioVersion = 10.0.40219.1
Project("{FAE04EC0-301F-11D3-BF4B-00C04F79EFBC}") = "RE", "RE\RE.csproj", "{0EFE8E45-CA47-4214-A763-892915A9EA8D}"
EndProject
Global
	GlobalSection(SolutionConfigurationPlatforms) = preSolution
		Debug|Any CPU = Debug|Any CPU
		Release|Any CPU = Release|Any CPU
	EndGlobalSection
	GlobalSection(ProjectConfigurationPlatforms) = postSolution
		{0EFE8E45-CA47-4214-A763-892915A9EA8D}.Debug|Any CPU.ActiveCfg = Debug|Any CPU
		{0EFE8E45-CA47-4214-A763-892915A9EA8D}.Debug|Any CPU.Build.0 = Debug|Any CPU
		{0EFE8E45-CA47-4214-A763-892915A9EA8D}.Release|Any CPU.ActiveCfg = Release|Any CPU
		{0EFE8E45-CA47-4214-A763-892915A9EA8D}.Release|Any CPU.Build.0 = Release|Any CPU
	EndGlobalSection
	GlobalSection(SolutionProperties) = preSolution
		HideSolutionNode = FALSE
	EndGlobalSection
	GlobalSection(ExtensibilityGlobals) = postSolution
		SolutionGuid = {CA991DD8-4697-47C1-80CC-0A60AA54D1E7}
	EndGlobalSection
EndGlobal
